
Microsoft Visual Studio Solution File, Format Version 12.00
# Visual Studio Version 17
VisualStudioVersion = 17.10.35122.118
MinimumVisualStudioVersion = 10.0.40219.1
Project("{9A19103F-16F7-4668-BE54-9A1E7A4F7556}") = "ChannelProcessing", "ChannelProcessing.csproj", "{FF12E4BD-00B5-444A-B333-9E906338363C}"
EndProject
Project("{FAE04EC0-301F-11D3-BF4B-00C04F79EFBC}") = "ChannelProcessings.Unit.Tests", "..\ChannelProcessings.Unit.Tests\ChannelProcessings.Unit.Tests.csproj", "{44D408B6-D994-4ADB-930B-3AED3878E899}"
EndProject
Global
	GlobalSection(SolutionConfigurationPlatforms) = preSolution
		Debug|Any CPU = Debug|Any CPU
		Release|Any CPU = Release|Any CPU
	EndGlobalSection
	GlobalSection(ProjectConfigurationPlatforms) = postSolution
		{FF12E4BD-00B5-444A-B333-9E906338363C}.Debug|Any CPU.ActiveCfg = Debug|Any CPU
		{FF12E4BD-00B5-444A-B333-9E906338363C}.Debug|Any CPU.Build.0 = Debug|Any CPU
		{FF12E4BD-00B5-444A-B333-9E906338363C}.Release|Any CPU.ActiveCfg = Release|Any CPU
		{FF12E4BD-00B5-444A-B333-9E906338363C}.Release|Any CPU.Build.0 = Release|Any CPU
		{44D408B6-D994-4ADB-930B-3AED3878E899}.Debug|Any CPU.ActiveCfg = Debug|Any CPU
		{44D408B6-D994-4ADB-930B-3AED3878E899}.Debug|Any CPU.Build.0 = Debug|Any CPU
		{44D408B6-D994-4ADB-930B-3AED3878E899}.Release|Any CPU.ActiveCfg = Release|Any CPU
		{44D408B6-D994-4ADB-930B-3AED3878E899}.Release|Any CPU.Build.0 = Release|Any CPU
	EndGlobalSection
	GlobalSection(SolutionProperties) = preSolution
		HideSolutionNode = FALSE
	EndGlobalSection
	GlobalSection(ExtensibilityGlobals) = postSolution
		SolutionGuid = {13D5AFCB-E4FD-45B5-BC13-01AD14E3329E}
	EndGlobalSection
EndGlobal
